
Microsoft Visual Studio Solution File, Format Version 12.00
# Visual Studio Version 17
VisualStudioVersion = 17.0.31903.59
MinimumVisualStudioVersion = 10.0.40219.1
Project("{2150E333-8FDC-42A3-9474-1A3956D46DE8}") = "src", "src", "{5474D729-961D-4B33-B5D8-2BA22FECB84A}"
EndProject
Project("{FAE04EC0-301F-11D3-BF4B-00C04F79EFBC}") = "Tunnel2.DomainNames", "src\Tunnel2.DomainNames\Tunnel2.DomainNames.csproj", "{8E39D6D4-62D5-4457-83D1-2E07690085E0}"
EndProject
Project("{FAE04EC0-301F-11D3-BF4B-00C04F79EFBC}") = "Tunnel2.DnsServer", "src\Tunnel2.DnsServer\Tunnel2.DnsServer.csproj", "{15A45A60-BFF0-4576-9B04-68A6481668A3}"
EndProject
Project("{2150E333-8FDC-42A3-9474-1A3956D46DE8}") = "tests", "tests", "{3D7AE291-27A6-4906-9364-9F3778797AFE}"
EndProject
Project("{FAE04EC0-301F-11D3-BF4B-00C04F79EFBC}") = "Tunnel2.DnsServer.Tests", "tests\Tunnel2.DnsServer.Tests\Tunnel2.DnsServer.Tests.csproj", "{A6E366C1-E8EE-48C8-9D60-6D3F0DE2C1FB}"
EndProject
Global
	GlobalSection(SolutionConfigurationPlatforms) = preSolution
		Debug|Any CPU = Debug|Any CPU
		Release|Any CPU = Release|Any CPU
	EndGlobalSection
	GlobalSection(SolutionProperties) = preSolution
		HideSolutionNode = FALSE
	EndGlobalSection
	GlobalSection(ProjectConfigurationPlatforms) = postSolution
		{8E39D6D4-62D5-4457-83D1-2E07690085E0}.Debug|Any CPU.ActiveCfg = Debug|Any CPU
		{8E39D6D4-62D5-4457-83D1-2E07690085E0}.Debug|Any CPU.Build.0 = Debug|Any CPU
		{8E39D6D4-62D5-4457-83D1-2E07690085E0}.Release|Any CPU.ActiveCfg = Release|Any CPU
		{8E39D6D4-62D5-4457-83D1-2E07690085E0}.Release|Any CPU.Build.0 = Release|Any CPU
		{15A45A60-BFF0-4576-9B04-68A6481668A3}.Debug|Any CPU.ActiveCfg = Debug|Any CPU
		{15A45A60-BFF0-4576-9B04-68A6481668A3}.Debug|Any CPU.Build.0 = Debug|Any CPU
		{15A45A60-BFF0-4576-9B04-68A6481668A3}.Release|Any CPU.ActiveCfg = Release|Any CPU
		{15A45A60-BFF0-4576-9B04-68A6481668A3}.Release|Any CPU.Build.0 = Release|Any CPU
		{A6E366C1-E8EE-48C8-9D60-6D3F0DE2C1FB}.Debug|Any CPU.ActiveCfg = Debug|Any CPU
		{A6E366C1-E8EE-48C8-9D60-6D3F0DE2C1FB}.Debug|Any CPU.Build.0 = Debug|Any CPU
		{A6E366C1-E8EE-48C8-9D60-6D3F0DE2C1FB}.Release|Any CPU.ActiveCfg = Release|Any CPU
		{A6E366C1-E8EE-48C8-9D60-6D3F0DE2C1FB}.Release|Any CPU.Build.0 = Release|Any CPU
	EndGlobalSection
	GlobalSection(NestedProjects) = preSolution
		{8E39D6D4-62D5-4457-83D1-2E07690085E0} = {5474D729-961D-4B33-B5D8-2BA22FECB84A}
		{15A45A60-BFF0-4576-9B04-68A6481668A3} = {5474D729-961D-4B33-B5D8-2BA22FECB84A}
		{A6E366C1-E8EE-48C8-9D60-6D3F0DE2C1FB} = {3D7AE291-27A6-4906-9364-9F3778797AFE}
	EndGlobalSection
EndGlobal
